// !$*UTF8*$!
{
	archiveVersion = 1;
	classes = {
	};
	objectVersion = 50;
	objects = {

/* Begin PBXBuildFile section */
		127745572671219C006F1816 /* AppDelegate.swift in Sources */ = {isa = PBXBuildFile; fileRef = 127745562671219C006F1816 /* AppDelegate.swift */; };
		127745592671219C006F1816 /* SceneDelegate.swift in Sources */ = {isa = PBXBuildFile; fileRef = 127745582671219C006F1816 /* SceneDelegate.swift */; };
		1277455B2671219C006F1816 /* ViewController.swift in Sources */ = {isa = PBXBuildFile; fileRef = 1277455A2671219C006F1816 /* ViewController.swift */; };
		127745602671219D006F1816 /* Assets.xcassets in Resources */ = {isa = PBXBuildFile; fileRef = 1277455F2671219D006F1816 /* Assets.xcassets */; };
		127745632671219D006F1816 /* LaunchScreen.storyboard in Resources */ = {isa = PBXBuildFile; fileRef = 127745612671219D006F1816 /* LaunchScreen.storyboard */; };
		1277456C2671446A006F1816 /* Post.swift in Sources */ = {isa = PBXBuildFile; fileRef = 1277456B2671446A006F1816 /* Post.swift */; };
		1277456F267209CB006F1816 /* NetworkManager.swift in Sources */ = {isa = PBXBuildFile; fileRef = 1277456E267209CB006F1816 /* NetworkManager.swift */; };
		1277457326721D83006F1816 /* XibTableViewCell.swift in Sources */ = {isa = PBXBuildFile; fileRef = 1277457126721D83006F1816 /* XibTableViewCell.swift */; };
		1277457426721D83006F1816 /* XibTableViewCell.xib in Resources */ = {isa = PBXBuildFile; fileRef = 1277457226721D83006F1816 /* XibTableViewCell.xib */; };
		1277457C267242D9006F1816 /* Main.storyboard in Resources */ = {isa = PBXBuildFile; fileRef = 1277457B267242D9006F1816 /* Main.storyboard */; };
/* End PBXBuildFile section */

/* Begin PBXFileReference section */
		127745532671219C006F1816 /* Belyaev.IOS-19-Networking.app */ = {isa = PBXFileReference; explicitFileType = wrapper.application; includeInIndex = 0; path = "Belyaev.IOS-19-Networking.app"; sourceTree = BUILT_PRODUCTS_DIR; };
		127745562671219C006F1816 /* AppDelegate.swift */ = {isa = PBXFileReference; lastKnownFileType = sourcecode.swift; path = AppDelegate.swift; sourceTree = "<group>"; };
		127745582671219C006F1816 /* SceneDelegate.swift */ = {isa = PBXFileReference; lastKnownFileType = sourcecode.swift; path = SceneDelegate.swift; sourceTree = "<group>"; };
		1277455A2671219C006F1816 /* ViewController.swift */ = {isa = PBXFileReference; lastKnownFileType = sourcecode.swift; path = ViewController.swift; sourceTree = "<group>"; };
		1277455F2671219D006F1816 /* Assets.xcassets */ = {isa = PBXFileReference; lastKnownFileType = folder.assetcatalog; path = Assets.xcassets; sourceTree = "<group>"; };
		127745622671219D006F1816 /* Base */ = {isa = PBXFileReference; lastKnownFileType = file.storyboard; name = Base; path = Base.lproj/LaunchScreen.storyboard; sourceTree = "<group>"; };
		127745642671219D006F1816 /* Info.plist */ = {isa = PBXFileReference; lastKnownFileType = text.plist.xml; path = Info.plist; sourceTree = "<group>"; };
		1277456B2671446A006F1816 /* Post.swift */ = {isa = PBXFileReference; lastKnownFileType = sourcecode.swift; path = Post.swift; sourceTree = "<group>"; };
		1277456E267209CB006F1816 /* NetworkManager.swift */ = {isa = PBXFileReference; lastKnownFileType = sourcecode.swift; path = NetworkManager.swift; sourceTree = "<group>"; };
		1277457126721D83006F1816 /* XibTableViewCell.swift */ = {isa = PBXFileReference; lastKnownFileType = sourcecode.swift; path = XibTableViewCell.swift; sourceTree = "<group>"; };
		1277457226721D83006F1816 /* XibTableViewCell.xib */ = {isa = PBXFileReference; lastKnownFileType = file.xib; path = XibTableViewCell.xib; sourceTree = "<group>"; };
		1277457B267242D9006F1816 /* Main.storyboard */ = {isa = PBXFileReference; fileEncoding = 4; lastKnownFileType = file.storyboard; path = Main.storyboard; sourceTree = "<group>"; };
/* End PBXFileReference section */

/* Begin PBXFrameworksBuildPhase section */
		127745502671219C006F1816 /* Frameworks */ = {
			isa = PBXFrameworksBuildPhase;
			buildActionMask = 2147483647;
			files = (
			);
			runOnlyForDeploymentPostprocessing = 0;
		};
/* End PBXFrameworksBuildPhase section */

/* Begin PBXGroup section */
		1277454A2671219C006F1816 = {
			isa = PBXGroup;
			children = (
				127745552671219C006F1816 /* Belyaev.IOS-19-Networking */,
				127745542671219C006F1816 /* Products */,
			);
			sourceTree = "<group>";
		};
		127745542671219C006F1816 /* Products */ = {
			isa = PBXGroup;
			children = (
				127745532671219C006F1816 /* Belyaev.IOS-19-Networking.app */,
			);
			name = Products;
			sourceTree = "<group>";
		};
		127745552671219C006F1816 /* Belyaev.IOS-19-Networking */ = {
			isa = PBXGroup;
			children = (
				127745562671219C006F1816 /* AppDelegate.swift */,
				127745582671219C006F1816 /* SceneDelegate.swift */,
				1277455A2671219C006F1816 /* ViewController.swift */,
				1277456E267209CB006F1816 /* NetworkManager.swift */,
				1277457B267242D9006F1816 /* Main.storyboard */,
				1277456B2671446A006F1816 /* Post.swift */,
				1277457126721D83006F1816 /* XibTableViewCell.swift */,
				1277457226721D83006F1816 /* XibTableViewCell.xib */,
				1277455F2671219D006F1816 /* Assets.xcassets */,
				127745612671219D006F1816 /* LaunchScreen.storyboard */,
				127745642671219D006F1816 /* Info.plist */,
			);
			path = "Belyaev.IOS-19-Networking";
			sourceTree = "<group>";
		};
/* End PBXGroup section */

/* Begin PBXNativeTarget section */
		127745522671219C006F1816 /* Belyaev.IOS-19-Networking */ = {
			isa = PBXNativeTarget;
			buildConfigurationList = 127745672671219D006F1816 /* Build configuration list for PBXNativeTarget "Belyaev.IOS-19-Networking" */;
			buildPhases = (
				1277454F2671219C006F1816 /* Sources */,
				127745502671219C006F1816 /* Frameworks */,
				127745512671219C006F1816 /* Resources */,
			);
			buildRules = (
			);
			dependencies = (
			);
			name = "Belyaev.IOS-19-Networking";
			productName = "Belyaev.IOS-19-Networking";
			productReference = 127745532671219C006F1816 /* Belyaev.IOS-19-Networking.app */;
			productType = "com.apple.product-type.application";
		};
/* End PBXNativeTarget section */

/* Begin PBXProject section */
		1277454B2671219C006F1816 /* Project object */ = {
			isa = PBXProject;
			attributes = {
				LastSwiftUpdateCheck = 1230;
				LastUpgradeCheck = 1230;
				TargetAttributes = {
					127745522671219C006F1816 = {
						CreatedOnToolsVersion = 12.3;
					};
				};
			};
			buildConfigurationList = 1277454E2671219C006F1816 /* Build configuration list for PBXProject "Belyaev.IOS-19-Networking" */;
			compatibilityVersion = "Xcode 9.3";
			developmentRegion = en;
			hasScannedForEncodings = 0;
			knownRegions = (
				en,
				Base,
			);
			mainGroup = 1277454A2671219C006F1816;
			productRefGroup = 127745542671219C006F1816 /* Products */;
			projectDirPath = "";
			projectRoot = "";
			targets = (
				127745522671219C006F1816 /* Belyaev.IOS-19-Networking */,
			);
		};
/* End PBXProject section */

/* Begin PBXResourcesBuildPhase section */
		127745512671219C006F1816 /* Resources */ = {
			isa = PBXResourcesBuildPhase;
			buildActionMask = 2147483647;
			files = (
				127745632671219D006F1816 /* LaunchScreen.storyboard in Resources */,
				127745602671219D006F1816 /* Assets.xcassets in Resources */,
				1277457426721D83006F1816 /* XibTableViewCell.xib in Resources */,
				1277457C267242D9006F1816 /* Main.storyboard in Resources */,
			);
			runOnlyForDeploymentPostprocessing = 0;
		};
/* End PBXResourcesBuildPhase section */

/* Begin PBXSourcesBuildPhase section */
		1277454F2671219C006F1816 /* Sources */ = {
			isa = PBXSourcesBuildPhase;
			buildActionMask = 2147483647;
			files = (
				1277455B2671219C006F1816 /* ViewController.swift in Sources */,
				127745572671219C006F1816 /* AppDelegate.swift in Sources */,
				1277456F267209CB006F1816 /* NetworkManager.swift in Sources */,
				1277457326721D83006F1816 /* XibTableViewCell.swift in Sources */,
				127745592671219C006F1816 /* SceneDelegate.swift in Sources */,
				1277456C2671446A006F1816 /* Post.swift in Sources */,
			);
			runOnlyForDeploymentPostprocessing = 0;
		};
/* End PBXSourcesBuildPhase section */

/* Begin PBXVariantGroup section */
		127745612671219D006F1816 /* LaunchScreen.storyboard */ = {
			isa = PBXVariantGroup;
			children = (
				127745622671219D006F1816 /* Base */,
			);
			name = LaunchScreen.storyboard;
			sourceTree = "<group>";
		};
/* End PBXVariantGroup section */

/* Begin XCBuildConfiguration section */
		127745652671219D006F1816 /* Debug */ = {
			isa = XCBuildConfiguration;
			buildSettings = {
				ALWAYS_SEARCH_USER_PATHS = NO;
				CLANG_ANALYZER_NONNULL = YES;
				CLANG_ANALYZER_NUMBER_OBJECT_CONVERSION = YES_AGGRESSIVE;
				CLANG_CXX_LANGUAGE_STANDARD = "gnu++14";
				CLANG_CXX_LIBRARY = "libc++";
				CLANG_ENABLE_MODULES = YES;
				CLANG_ENABLE_OBJC_ARC = YES;
				CLANG_ENABLE_OBJC_WEAK = YES;
				CLANG_WARN_BLOCK_CAPTURE_AUTORELEASING = YES;
				CLANG_WARN_BOOL_CONVERSION = YES;
				CLANG_WARN_COMMA = YES;
				CLANG_WARN_CONSTANT_CONVERSION = YES;
				CLANG_WARN_DEPRECATED_OBJC_IMPLEMENTATIONS = YES;
				CLANG_WARN_DIRECT_OBJC_ISA_USAGE = YES_ERROR;
				CLANG_WARN_DOCUMENTATION_COMMENTS = YES;
				CLANG_WARN_EMPTY_BODY = YES;
				CLANG_WARN_ENUM_CONVERSION = YES;
				CLANG_WARN_INFINITE_RECURSION = YES;
				CLANG_WARN_INT_CONVERSION = YES;
				CLANG_WARN_NON_LITERAL_NULL_CONVERSION = YES;
				CLANG_WARN_OBJC_IMPLICIT_RETAIN_SELF = YES;
				CLANG_WARN_OBJC_LITERAL_CONVERSION = YES;
				CLANG_WARN_OBJC_ROOT_CLASS = YES_ERROR;
				CLANG_WARN_QUOTED_INCLUDE_IN_FRAMEWORK_HEADER = YES;
				CLANG_WARN_RANGE_LOOP_ANALYSIS = YES;
				CLANG_WARN_STRICT_PROTOTYPES = YES;
				CLANG_WARN_SUSPICIOUS_MOVE = YES;
				CLANG_WARN_UNGUARDED_AVAILABILITY = YES_AGGRESSIVE;
				CLANG_WARN_UNREACHABLE_CODE = YES;
				CLANG_WARN__DUPLICATE_METHOD_MATCH = YES;
				COPY_PHASE_STRIP = NO;
				DEBUG_INFORMATION_FORMAT = dwarf;
				ENABLE_STRICT_OBJC_MSGSEND = YES;
				ENABLE_TESTABILITY = YES;
				GCC_C_LANGUAGE_STANDARD = gnu11;
				GCC_DYNAMIC_NO_PIC = NO;
				GCC_NO_COMMON_BLOCKS = YES;
				GCC_OPTIMIZATION_LEVEL = 0;
				GCC_PREPROCESSOR_DEFINITIONS = (
					"DEBUG=1",
					"$(inherited)",
				);
				GCC_WARN_64_TO_32_BIT_CONVERSION = YES;
				GCC_WARN_ABOUT_RETURN_TYPE = YES_ERROR;
				GCC_WARN_UNDECLARED_SELECTOR = YES;
				GCC_WARN_UNINITIALIZED_AUTOS = YES_AGGRESSIVE;
				GCC_WARN_UNUSED_FUNCTION = YES;
				GCC_WARN_UNUSED_VARIABLE = YES;
				IPHONEOS_DEPLOYMENT_TARGET = 14.3;
				MTL_ENABLE_DEBUG_INFO = INCLUDE_SOURCE;
				MTL_FAST_MATH = YES;
				ONLY_ACTIVE_ARCH = YES;
				SDKROOT = iphoneos;
				SWIFT_ACTIVE_COMPILATION_CONDITIONS = DEBUG;
				SWIFT_OPTIMIZATION_LEVEL = "-Onone";
			};
			name = Debug;
		};
		127745662671219D006F1816 /* Release */ = {
			isa = XCBuildConfiguration;
			buildSettings = {
				ALWAYS_SEARCH_USER_PATHS = NO;
				CLANG_ANALYZER_NONNULL = YES;
				CLANG_ANALYZER_NUMBER_OBJECT_CONVERSION = YES_AGGRESSIVE;
				CLANG_CXX_LANGUAGE_STANDARD = "gnu++14";
				CLANG_CXX_LIBRARY = "libc++";
				CLANG_ENABLE_MODULES = YES;
				CLANG_ENABLE_OBJC_ARC = YES;
				CLANG_ENABLE_OBJC_WEAK = YES;
				CLANG_WARN_BLOCK_CAPTURE_AUTORELEASING = YES;
				CLANG_WARN_BOOL_CONVERSION = YES;
				CLANG_WARN_COMMA = YES;
				CLANG_WARN_CONSTANT_CONVERSION = YES;
				CLANG_WARN_DEPRECATED_OBJC_IMPLEMENTATIONS = YES;
				CLANG_WARN_DIRECT_OBJC_ISA_USAGE = YES_ERROR;
				CLANG_WARN_DOCUMENTATION_COMMENTS = YES;
				CLANG_WARN_EMPTY_BODY = YES;
				CLANG_WARN_ENUM_CONVERSION = YES;
				CLANG_WARN_INFINITE_RECURSION = YES;
				CLANG_WARN_INT_CONVERSION = YES;
				CLANG_WARN_NON_LITERAL_NULL_CONVERSION = YES;
				CLANG_WARN_OBJC_IMPLICIT_RETAIN_SELF = YES;
				CLANG_WARN_OBJC_LITERAL_CONVERSION = YES;
				CLANG_WARN_OBJC_ROOT_CLASS = YES_ERROR;
				CLANG_WARN_QUOTED_INCLUDE_IN_FRAMEWORK_HEADER = YES;
				CLANG_WARN_RANGE_LOOP_ANALYSIS = YES;
				CLANG_WARN_STRICT_PROTOTYPES = YES;
				CLANG_WARN_SUSPICIOUS_MOVE = YES;
				CLANG_WARN_UNGUARDED_AVAILABILITY = YES_AGGRESSIVE;
				CLANG_WARN_UNREACHABLE_CODE = YES;
				CLANG_WARN__DUPLICATE_METHOD_MATCH = YES;
				COPY_PHASE_STRIP = NO;
				DEBUG_INFORMATION_FORMAT = "dwarf-with-dsym";
				ENABLE_NS_ASSERTIONS = NO;
				ENABLE_STRICT_OBJC_MSGSEND = YES;
				GCC_C_LANGUAGE_STANDARD = gnu11;
				GCC_NO_COMMON_BLOCKS = YES;
				GCC_WARN_64_TO_32_BIT_CONVERSION = YES;
				GCC_WARN_ABOUT_RETURN_TYPE = YES_ERROR;
				GCC_WARN_UNDECLARED_SELECTOR = YES;
				GCC_WARN_UNINITIALIZED_AUTOS = YES_AGGRESSIVE;
				GCC_WARN_UNUSED_FUNCTION = YES;
				GCC_WARN_UNUSED_VARIABLE = YES;
				IPHONEOS_DEPLOYMENT_TARGET = 14.3;
				MTL_ENABLE_DEBUG_INFO = NO;
				MTL_FAST_MATH = YES;
				SDKROOT = iphoneos;
				SWIFT_COMPILATION_MODE = wholemodule;
				SWIFT_OPTIMIZATION_LEVEL = "-O";
				VALIDATE_PRODUCT = YES;
			};
			name = Release;
		};
		127745682671219D006F1816 /* Debug */ = {
			isa = XCBuildConfiguration;
			buildSettings = {
				ASSETCATALOG_COMPILER_APPICON_NAME = AppIcon;
				ASSETCATALOG_COMPILER_GLOBAL_ACCENT_COLOR_NAME = AccentColor;
				CODE_SIGN_STYLE = Automatic;
				DEVELOPMENT_TEAM = 374UZ6VU7W;
				INFOPLIST_FILE = "Belyaev.IOS-19-Networking/Info.plist";
				LD_RUNPATH_SEARCH_PATHS = (
					"$(inherited)",
					"@executable_path/Frameworks",
				);
				PRODUCT_BUNDLE_IDENTIFIER = "MaxConrad.Belyaev-IOS-19-Networking";
				PRODUCT_NAME = "$(TARGET_NAME)";
				SWIFT_VERSION = 5.0;
				TARGETED_DEVICE_FAMILY = "1,2";
			};
			name = Debug;
		};
		127745692671219D006F1816 /* Release */ = {
			isa = XCBuildConfiguration;
			buildSettings = {
				ASSETCATALOG_COMPILER_APPICON_NAME = AppIcon;
				ASSETCATALOG_COMPILER_GLOBAL_ACCENT_COLOR_NAME = AccentColor;
				CODE_SIGN_STYLE = Automatic;
				DEVELOPMENT_TEAM = 374UZ6VU7W;
				INFOPLIST_FILE = "Belyaev.IOS-19-Networking/Info.plist";
				LD_RUNPATH_SEARCH_PATHS = (
					"$(inherited)",
					"@executable_path/Frameworks",
				);
				PRODUCT_BUNDLE_IDENTIFIER = "MaxConrad.Belyaev-IOS-19-Networking";
				PRODUCT_NAME = "$(TARGET_NAME)";
				SWIFT_VERSION = 5.0;
				TARGETED_DEVICE_FAMILY = "1,2";
			};
			name = Release;
		};
/* End XCBuildConfiguration section */

/* Begin XCConfigurationList section */
		1277454E2671219C006F1816 /* Build configuration list for PBXProject "Belyaev.IOS-19-Networking" */ = {
			isa = XCConfigurationList;
			buildConfigurations = (
				127745652671219D006F1816 /* Debug */,
				127745662671219D006F1816 /* Release */,
			);
			defaultConfigurationIsVisible = 0;
			defaultConfigurationName = Release;
		};
		127745672671219D006F1816 /* Build configuration list for PBXNativeTarget "Belyaev.IOS-19-Networking" */ = {
			isa = XCConfigurationList;
			buildConfigurations = (
				127745682671219D006F1816 /* Debug */,
				127745692671219D006F1816 /* Release */,
			);
			defaultConfigurationIsVisible = 0;
			defaultConfigurationName = Release;
		};
/* End XCConfigurationList section */
	};
	rootObject = 1277454B2671219C006F1816 /* Project object */;
}
